
Microsoft Visual Studio Solution File, Format Version 12.00
# Visual Studio Version 16
VisualStudioVersion = 25.0.1706.14
MinimumVisualStudioVersion = 10.0.40219.1
Project("{FAE04EC0-301F-11D3-BF4B-00C04F79EFBC}") = "Tomegkozlekedes", "Tomegkozlekedes.csproj", "{0A8DD8A1-8949-4655-9BA7-D4B7B3E83FA7}"
EndProject
Project("{FAE04EC0-301F-11D3-BF4B-00C04F79EFBC}") = "Tests", "..\Tests\Tests.csproj", "{367340D0-D483-4AC4-80DD-4DAE430FBB83}"
EndProject
Global
	GlobalSection(SolutionConfigurationPlatforms) = preSolution
		Debug|Any CPU = Debug|Any CPU
		Release|Any CPU = Release|Any CPU
	EndGlobalSection
	GlobalSection(ProjectConfigurationPlatforms) = postSolution
		{0A8DD8A1-8949-4655-9BA7-D4B7B3E83FA7}.Debug|Any CPU.ActiveCfg = Debug|Any CPU
		{0A8DD8A1-8949-4655-9BA7-D4B7B3E83FA7}.Debug|Any CPU.Build.0 = Debug|Any CPU
		{0A8DD8A1-8949-4655-9BA7-D4B7B3E83FA7}.Release|Any CPU.ActiveCfg = Release|Any CPU
		{0A8DD8A1-8949-4655-9BA7-D4B7B3E83FA7}.Release|Any CPU.Build.0 = Release|Any CPU
		{367340D0-D483-4AC4-80DD-4DAE430FBB83}.Debug|Any CPU.ActiveCfg = Debug|Any CPU
		{367340D0-D483-4AC4-80DD-4DAE430FBB83}.Debug|Any CPU.Build.0 = Debug|Any CPU
		{367340D0-D483-4AC4-80DD-4DAE430FBB83}.Release|Any CPU.ActiveCfg = Release|Any CPU
		{367340D0-D483-4AC4-80DD-4DAE430FBB83}.Release|Any CPU.Build.0 = Release|Any CPU
	EndGlobalSection
	GlobalSection(SolutionProperties) = preSolution
		HideSolutionNode = FALSE
	EndGlobalSection
	GlobalSection(ExtensibilityGlobals) = postSolution
		SolutionGuid = {8FBADC52-7374-4EEF-971B-E262A7EB7BDD}
	EndGlobalSection
EndGlobal
