
Microsoft Visual Studio Solution File, Format Version 12.00
# Visual Studio Version 16
VisualStudioVersion = 25.0.1706.14
MinimumVisualStudioVersion = 10.0.40219.1
Project("{FAE04EC0-301F-11D3-BF4B-00C04F79EFBC}") = "Tests", "Tests.csproj", "{94881C71-F956-4736-8DE4-CC51727D7DFA}"
EndProject
Project("{FAE04EC0-301F-11D3-BF4B-00C04F79EFBC}") = "Tomegkozlekedes", "..\Tomegkozlekedes\Tomegkozlekedes.csproj", "{7A147D67-1223-4FF4-A7BC-7FF6D410F78F}"
EndProject
Global
	GlobalSection(SolutionConfigurationPlatforms) = preSolution
		Debug|Any CPU = Debug|Any CPU
		Release|Any CPU = Release|Any CPU
	EndGlobalSection
	GlobalSection(ProjectConfigurationPlatforms) = postSolution
		{94881C71-F956-4736-8DE4-CC51727D7DFA}.Debug|Any CPU.ActiveCfg = Debug|Any CPU
		{94881C71-F956-4736-8DE4-CC51727D7DFA}.Debug|Any CPU.Build.0 = Debug|Any CPU
		{94881C71-F956-4736-8DE4-CC51727D7DFA}.Release|Any CPU.ActiveCfg = Release|Any CPU
		{94881C71-F956-4736-8DE4-CC51727D7DFA}.Release|Any CPU.Build.0 = Release|Any CPU
		{7A147D67-1223-4FF4-A7BC-7FF6D410F78F}.Debug|Any CPU.ActiveCfg = Debug|Any CPU
		{7A147D67-1223-4FF4-A7BC-7FF6D410F78F}.Debug|Any CPU.Build.0 = Debug|Any CPU
		{7A147D67-1223-4FF4-A7BC-7FF6D410F78F}.Release|Any CPU.ActiveCfg = Release|Any CPU
		{7A147D67-1223-4FF4-A7BC-7FF6D410F78F}.Release|Any CPU.Build.0 = Release|Any CPU
	EndGlobalSection
	GlobalSection(SolutionProperties) = preSolution
		HideSolutionNode = FALSE
	EndGlobalSection
	GlobalSection(ExtensibilityGlobals) = postSolution
		SolutionGuid = {3F65C5ED-4AE7-4E07-91DE-73F589AE0363}
	EndGlobalSection
EndGlobal
